Microsoft Visual Studio Solution File, Format Version 12.00
# Visual Studio Version 17
VisualStudioVersion = 17.5.2.0
MinimumVisualStudioVersion = 10.0.40219.1
Project("{FAE04EC0-301F-11D3-BF4B-00C04F79EFBC}") = "PYBWeb.Web", "PYBWeb.Web.csproj", "{1D83C9EE-8DF9-A19C-1DB3-A5EDD3B4954B}"
EndProject
Global
	GlobalSection(SolutionConfigurationPlatforms) = preSolution
		Debug|Any CPU = Debug|Any CPU
		Release|Any CPU = Release|Any CPU
	EndGlobalSection
	GlobalSection(ProjectConfigurationPlatforms) = postSolution
		{1D83C9EE-8DF9-A19C-1DB3-A5EDD3B4954B}.Debug|Any CPU.ActiveCfg = Debug|Any CPU
		{1D83C9EE-8DF9-A19C-1DB3-A5EDD3B4954B}.Debug|Any CPU.Build.0 = Debug|Any CPU
		{1D83C9EE-8DF9-A19C-1DB3-A5EDD3B4954B}.Release|Any CPU.ActiveCfg = Release|Any CPU
		{1D83C9EE-8DF9-A19C-1DB3-A5EDD3B4954B}.Release|Any CPU.Build.0 = Release|Any CPU
	EndGlobalSection
	GlobalSection(SolutionProperties) = preSolution
		HideSolutionNode = FALSE
	EndGlobalSection
	GlobalSection(ExtensibilityGlobals) = postSolution
		SolutionGuid = {B7B10D2C-6DF3-4C95-8368-E255BE4CA5C2}
	EndGlobalSection
EndGlobal
